
Microsoft Visual Studio Solution File, Format Version 12.00
Project("{FAE04EC0-301F-11D3-BF4B-00C04F79EFBC}") = "AltV.Net", "AltV.Net\AltV.Net.csproj", "{B41318D4-99B3-4B17-88C1-2B7CCF60541F}"
EndProject
Project("{FAE04EC0-301F-11D3-BF4B-00C04F79EFBC}") = "AltV.Net.Example", "AltV.Net.Example\AltV.Net.Example.csproj", "{8198556B-469C-4D54-A5C0-78E2A483B511}"
EndProject
Project("{FAE04EC0-301F-11D3-BF4B-00C04F79EFBC}") = "AltV.Net.Executable.Example", "AltV.Net.Executable.Example\AltV.Net.Executable.Example.csproj", "{900D195C-38A2-419F-A732-31DD9DE970C3}"
EndProject
Project("{FAE04EC0-301F-11D3-BF4B-00C04F79EFBC}") = "AltV.Net.Mock", "AltV.Net.Mock\AltV.Net.Mock.csproj", "{780345D7-EFCA-4D86-BC72-806C00472E60}"
EndProject
Project("{FAE04EC0-301F-11D3-BF4B-00C04F79EFBC}") = "AltV.Net.Mock.Example", "AltV.Net.Mock.Example\AltV.Net.Mock.Example.csproj", "{5BC7624A-FB7D-405E-9FED-A2BBFFFFD145}"
EndProject
Project("{FAE04EC0-301F-11D3-BF4B-00C04F79EFBC}") = "AltV.Net.Async", "AltV.Net.Async\AltV.Net.Async.csproj", "{24055D62-A4EB-4F4E-928F-4CB46D58F65B}"
EndProject
Project("{FAE04EC0-301F-11D3-BF4B-00C04F79EFBC}") = "AltV.Net.CoreRT.Example", "AltV.Net.CoreRT.Example\AltV.Net.CoreRT.Example.csproj", "{5687CC8F-F11D-4C6E-9DDB-202163A44218}"
EndProject
Project("{FAE04EC0-301F-11D3-BF4B-00C04F79EFBC}") = "AltV.Net.ColShape", "AltV.Net.ColShape\AltV.Net.ColShape.csproj", "{E4376702-6BBF-4275-AE38-0C762C28BE05}"
EndProject
Project("{FAE04EC0-301F-11D3-BF4B-00C04F79EFBC}") = "AltV.Net.ColShape.Tests", "AltV.Net.ColShape.Tests\AltV.Net.ColShape.Tests.csproj", "{C2A3B28B-41E5-49CD-AF57-1A3D394AA3A6}"
EndProject
Project("{FAE04EC0-301F-11D3-BF4B-00C04F79EFBC}") = "AltV.Net.Host", "AltV.Net.Host\AltV.Net.Host.csproj", "{E5A0A986-ADFB-4F3B-8FF8-77214A542526}"
EndProject
Project("{FAE04EC0-301F-11D3-BF4B-00C04F79EFBC}") = "AltV.Net.Resources.Chat", "AltV.Net.Resources.Chat\AltV.Net.Resources.Chat.csproj", "{EA6CD89D-752F-4BFE-A7ED-AEBF24E97987}"
EndProject
Project("{FAE04EC0-301F-11D3-BF4B-00C04F79EFBC}") = "AltV.Net.CApi.Generator", "AltV.Net.CApi.Generator\AltV.Net.CApi.Generator.csproj", "{939CCC42-4A24-41EE-915E-8F00D9ACCF13}"
EndProject
Project("{FAE04EC0-301F-11D3-BF4B-00C04F79EFBC}") = "AltV.Net.Resources.Chat.Api", "AltV.Net.Resources.Chat.Api\AltV.Net.Resources.Chat.Api.csproj", "{C4BB33A7-C1E7-4B05-9D08-2D3253F973D0}"
EndProject
Project("{FAE04EC0-301F-11D3-BF4B-00C04F79EFBC}") = "AltV.Net.Benchmarks", "AltV.Net.Benchmarks\AltV.Net.Benchmarks.csproj", "{A4E39ADA-0818-49D3-A4B1-B1070B8D35AB}"
EndProject
Project("{FAE04EC0-301F-11D3-BF4B-00C04F79EFBC}") = "AltV.Net.BenchmarkRunners", "AltV.Net.BenchmarkRunners\AltV.Net.BenchmarkRunners.csproj", "{88E54992-868C-4DA2-B427-F505BA74D3C9}"
EndProject
Project("{FAE04EC0-301F-11D3-BF4B-00C04F79EFBC}") = "AltV.Net.EntitySync", "AltV.Net.EntitySync\AltV.Net.EntitySync.csproj", "{65405326-4156-49C6-BD5B-241CC94CE170}"
EndProject
Project("{FAE04EC0-301F-11D3-BF4B-00C04F79EFBC}") = "AltV.Net.EntitySync.WebSocket", "AltV.Net.EntitySync.WebSocket\AltV.Net.EntitySync.WebSocket.csproj", "{7AAEDA57-4EF0-4664-A69D-B77F742B8A86}"
EndProject
Project("{FAE04EC0-301F-11D3-BF4B-00C04F79EFBC}") = "AltV.Net.EntitySync.ServerEvent", "AltV.Net.EntitySync.ServerEvent\AltV.Net.EntitySync.ServerEvent.csproj", "{745BFAE2-ED9E-4029-8302-F04FE7B69345}"
EndProject
Project("{FAE04EC0-301F-11D3-BF4B-00C04F79EFBC}") = "AltV.Net.EntitySync.Tests", "AltV.Net.EntitySync.Tests\AltV.Net.EntitySync.Tests.csproj", "{0344043F-7287-44FD-A83D-EC23BBBCD307}"
EndProject
Project("{FAE04EC0-301F-11D3-BF4B-00C04F79EFBC}") = "AltV.Net.EntitySync.Benchmarks", "AltV.Net.EntitySync.Benchmarks\AltV.Net.EntitySync.Benchmarks.csproj", "{8982BEC7-6D4C-4777-91AE-6437AF0D10EE}"
EndProject
Project("{FAE04EC0-301F-11D3-BF4B-00C04F79EFBC}") = "AltV.Net.EntitySync.Example", "AltV.Net.EntitySync.Example\AltV.Net.EntitySync.Example.csproj", "{F06D1998-C773-4E71-BE27-EE9F4971BE8B}"
EndProject
Project("{FAE04EC0-301F-11D3-BF4B-00C04F79EFBC}") = "AltV.Net.Client", "AltV.Net.Client\AltV.Net.Client.csproj", "{551E5BAA-CF43-4925-BA53-6486659394D8}"
EndProject
Project("{FAE04EC0-301F-11D3-BF4B-00C04F79EFBC}") = "AltV.Net.EntitySync.Entities", "AltV.Net.EntitySync.Entities\AltV.Net.EntitySync.Entities.csproj", "{6C9138A2-7FCD-4AFF-93C5-F97891371BB9}"
EndProject
Project("{FAE04EC0-301F-11D3-BF4B-00C04F79EFBC}") = "AltV.Net.Interactions", "AltV.Net.Interactions\AltV.Net.Interactions.csproj", "{E4D809B8-82CF-42BA-973E-934C0E48B921}"
EndProject
Project("{FAE04EC0-301F-11D3-BF4B-00C04F79EFBC}") = "AltV.Net.Interactions.Tests", "AltV.Net.Interactions.Tests\AltV.Net.Interactions.Tests.csproj", "{7549B28A-9E6A-4D2D-ABDD-1914B106C9BD}"
EndProject
Project("{FAE04EC0-301F-11D3-BF4B-00C04F79EFBC}") = "AltV.Net.VehicleData", "AltV.Net.VehicleData\AltV.Net.VehicleData.csproj", "{986F9175-F6E9-4521-A871-2391000CAE9E}"
EndProject
Project("{FAE04EC0-301F-11D3-BF4B-00C04F79EFBC}") = "AltV.Net.Async.CodeGen", "AltV.Net.Async.CodeGen\AltV.Net.Async.CodeGen.csproj", "{70A4DF19-8558-46AA-8B9B-BFB3EDA2A4FA}"
EndProject
Project("{FAE04EC0-301F-11D3-BF4B-00C04F79EFBC}") = "AltV.Net.CApi", "AltV.Net.CApi\AltV.Net.CApi.csproj", "{0A90B1FB-E2DF-49CA-B937-ECF0B5FA565C}"
EndProject
Project("{FAE04EC0-301F-11D3-BF4B-00C04F79EFBC}") = "AltV.Net.Shared", "AltV.Net.Shared\AltV.Net.Shared.csproj", "{5C813942-20D2-4D43-9DCA-963B911698DA}"
EndProject
Project("{FAE04EC0-301F-11D3-BF4B-00C04F79EFBC}") = "AltV.Net.Client.Example", "AltV.Net.Client.Example\AltV.Net.Client.Example.csproj", "{6A12A801-A13A-4326-9CAF-BD7B468EBC01}"
EndProject
Project("{FAE04EC0-301F-11D3-BF4B-00C04F79EFBC}") = "AltV.Net.Client.Async", "AltV.Net.Client.Async\AltV.Net.Client.Async.csproj", "{BD78B963-D399-46AB-A155-037B324A56D4}"
EndProject
Project("{FAE04EC0-301F-11D3-BF4B-00C04F79EFBC}") = "AltV.Net.ResourceGenerator", "AltV.Net.ResourceGenerator\AltV.Net.ResourceGenerator.csproj", "{C7D2E1E8-EE6C-4B76-B983-B6AFE84C61E4}"
EndProject
Project("{2150E333-8FDC-42A3-9474-1A3956D46DE8}") = "Module NuGets", "Module NuGets", "{6A31F2DA-FBB6-40DF-89FF-57AF6266AECB}"
EndProject
Project("{2150E333-8FDC-42A3-9474-1A3956D46DE8}") = "Internal", "Internal", "{F7E03C06-1353-43A4-A369-DF614EABD34B}"
EndProject
Project("{2150E333-8FDC-42A3-9474-1A3956D46DE8}") = ".NET SDK", ".NET SDK", "{4B99DFE6-8EB6-4D7B-AFA6-AC75DBDA2CF0}"
EndProject
Project("{FAE04EC0-301F-11D3-BF4B-00C04F79EFBC}") = "AltV.Net.Sdk.Server", "AltV.Net.Sdk.Server\AltV.Net.Sdk.Server.csproj", "{8BEFB443-C2B9-4057-8271-D21FDB91C919}"
EndProject
Project("{FAE04EC0-301F-11D3-BF4B-00C04F79EFBC}") = "AltV.Net.Sdk.Client", "AltV.Net.Sdk.Client\AltV.Net.Sdk.Client.csproj", "{7E06CD9C-E5B5-423A-9969-396601C59142}"
EndProject
Project("{FAE04EC0-301F-11D3-BF4B-00C04F79EFBC}") = "AltV.Net.Sdk.Shared", "AltV.Net.Sdk.Shared\AltV.Net.Sdk.Shared.csproj", "{E8399DB0-355D-4A49-AAD8-6CDD9BBF33CE}"
EndProject
Project("{FAE04EC0-301F-11D3-BF4B-00C04F79EFBC}") = "AltV.Net.Sdk.Generator", "AltV.Net.Sdk.Generator\AltV.Net.Sdk.Generator.csproj", "{267131B2-D994-4672-A53D-839C91CB3D70}"
EndProject
Global
	GlobalSection(SolutionConfigurationPlatforms) = preSolution
		Debug|Any CPU = Debug|Any CPU
		Release|Any CPU = Release|Any CPU
		Testing|Any CPU = Testing|Any CPU
	EndGlobalSection
	GlobalSection(ProjectConfigurationPlatforms) = postSolution
		{B41318D4-99B3-4B17-88C1-2B7CCF60541F}.Debug|Any CPU.ActiveCfg = Debug|Any CPU
		{B41318D4-99B3-4B17-88C1-2B7CCF60541F}.Debug|Any CPU.Build.0 = Debug|Any CPU
		{B41318D4-99B3-4B17-88C1-2B7CCF60541F}.Release|Any CPU.ActiveCfg = Release|Any CPU
		{B41318D4-99B3-4B17-88C1-2B7CCF60541F}.Release|Any CPU.Build.0 = Release|Any CPU
		{B41318D4-99B3-4B17-88C1-2B7CCF60541F}.Testing|Any CPU.ActiveCfg = Testing|Any CPU
		{B41318D4-99B3-4B17-88C1-2B7CCF60541F}.Testing|Any CPU.Build.0 = Testing|Any CPU
		{8198556B-469C-4D54-A5C0-78E2A483B511}.Debug|Any CPU.ActiveCfg = Debug|Any CPU
		{8198556B-469C-4D54-A5C0-78E2A483B511}.Debug|Any CPU.Build.0 = Debug|Any CPU
		{8198556B-469C-4D54-A5C0-78E2A483B511}.Release|Any CPU.ActiveCfg = Release|Any CPU
		{8198556B-469C-4D54-A5C0-78E2A483B511}.Release|Any CPU.Build.0 = Release|Any CPU
		{8198556B-469C-4D54-A5C0-78E2A483B511}.Testing|Any CPU.ActiveCfg = Testing|Any CPU
		{8198556B-469C-4D54-A5C0-78E2A483B511}.Testing|Any CPU.Build.0 = Testing|Any CPU
		{900D195C-38A2-419F-A732-31DD9DE970C3}.Debug|Any CPU.ActiveCfg = Debug|Any CPU
		{900D195C-38A2-419F-A732-31DD9DE970C3}.Debug|Any CPU.Build.0 = Debug|Any CPU
		{900D195C-38A2-419F-A732-31DD9DE970C3}.Release|Any CPU.ActiveCfg = Release|Any CPU
		{900D195C-38A2-419F-A732-31DD9DE970C3}.Release|Any CPU.Build.0 = Release|Any CPU
		{900D195C-38A2-419F-A732-31DD9DE970C3}.Testing|Any CPU.ActiveCfg = Debug|Any CPU
		{900D195C-38A2-419F-A732-31DD9DE970C3}.Testing|Any CPU.Build.0 = Debug|Any CPU
		{780345D7-EFCA-4D86-BC72-806C00472E60}.Debug|Any CPU.ActiveCfg = Debug|Any CPU
		{780345D7-EFCA-4D86-BC72-806C00472E60}.Debug|Any CPU.Build.0 = Debug|Any CPU
		{780345D7-EFCA-4D86-BC72-806C00472E60}.Release|Any CPU.ActiveCfg = Release|Any CPU
		{780345D7-EFCA-4D86-BC72-806C00472E60}.Release|Any CPU.Build.0 = Release|Any CPU
		{780345D7-EFCA-4D86-BC72-806C00472E60}.Testing|Any CPU.ActiveCfg = Debug|Any CPU
		{780345D7-EFCA-4D86-BC72-806C00472E60}.Testing|Any CPU.Build.0 = Debug|Any CPU
		{5BC7624A-FB7D-405E-9FED-A2BBFFFFD145}.Debug|Any CPU.ActiveCfg = Debug|Any CPU
		{5BC7624A-FB7D-405E-9FED-A2BBFFFFD145}.Debug|Any CPU.Build.0 = Debug|Any CPU
		{5BC7624A-FB7D-405E-9FED-A2BBFFFFD145}.Release|Any CPU.ActiveCfg = Release|Any CPU
		{5BC7624A-FB7D-405E-9FED-A2BBFFFFD145}.Release|Any CPU.Build.0 = Release|Any CPU
		{5BC7624A-FB7D-405E-9FED-A2BBFFFFD145}.Testing|Any CPU.ActiveCfg = Debug|Any CPU
		{5BC7624A-FB7D-405E-9FED-A2BBFFFFD145}.Testing|Any CPU.Build.0 = Debug|Any CPU
		{24055D62-A4EB-4F4E-928F-4CB46D58F65B}.Debug|Any CPU.ActiveCfg = Debug|Any CPU
		{24055D62-A4EB-4F4E-928F-4CB46D58F65B}.Debug|Any CPU.Build.0 = Debug|Any CPU
		{24055D62-A4EB-4F4E-928F-4CB46D58F65B}.Release|Any CPU.ActiveCfg = Release|Any CPU
		{24055D62-A4EB-4F4E-928F-4CB46D58F65B}.Release|Any CPU.Build.0 = Release|Any CPU
		{24055D62-A4EB-4F4E-928F-4CB46D58F65B}.Testing|Any CPU.ActiveCfg = Debug|Any CPU
		{24055D62-A4EB-4F4E-928F-4CB46D58F65B}.Testing|Any CPU.Build.0 = Debug|Any CPU
		{5687CC8F-F11D-4C6E-9DDB-202163A44218}.Debug|Any CPU.ActiveCfg = Debug|Any CPU
		{5687CC8F-F11D-4C6E-9DDB-202163A44218}.Debug|Any CPU.Build.0 = Debug|Any CPU
		{5687CC8F-F11D-4C6E-9DDB-202163A44218}.Release|Any CPU.ActiveCfg = Release|Any CPU
		{5687CC8F-F11D-4C6E-9DDB-202163A44218}.Release|Any CPU.Build.0 = Release|Any CPU
		{5687CC8F-F11D-4C6E-9DDB-202163A44218}.Testing|Any CPU.ActiveCfg = Debug|Any CPU
		{5687CC8F-F11D-4C6E-9DDB-202163A44218}.Testing|Any CPU.Build.0 = Debug|Any CPU
		{E4376702-6BBF-4275-AE38-0C762C28BE05}.Debug|Any CPU.ActiveCfg = Debug|Any CPU
		{E4376702-6BBF-4275-AE38-0C762C28BE05}.Debug|Any CPU.Build.0 = Debug|Any CPU
		{E4376702-6BBF-4275-AE38-0C762C28BE05}.Release|Any CPU.ActiveCfg = Release|Any CPU
		{E4376702-6BBF-4275-AE38-0C762C28BE05}.Release|Any CPU.Build.0 = Release|Any CPU
		{E4376702-6BBF-4275-AE38-0C762C28BE05}.Testing|Any CPU.ActiveCfg = Debug|Any CPU
		{E4376702-6BBF-4275-AE38-0C762C28BE05}.Testing|Any CPU.Build.0 = Debug|Any CPU
		{C2A3B28B-41E5-49CD-AF57-1A3D394AA3A6}.Debug|Any CPU.ActiveCfg = Debug|Any CPU
		{C2A3B28B-41E5-49CD-AF57-1A3D394AA3A6}.Debug|Any CPU.Build.0 = Debug|Any CPU
		{C2A3B28B-41E5-49CD-AF57-1A3D394AA3A6}.Release|Any CPU.ActiveCfg = Release|Any CPU
		{C2A3B28B-41E5-49CD-AF57-1A3D394AA3A6}.Release|Any CPU.Build.0 = Release|Any CPU
		{C2A3B28B-41E5-49CD-AF57-1A3D394AA3A6}.Testing|Any CPU.ActiveCfg = Debug|Any CPU
		{C2A3B28B-41E5-49CD-AF57-1A3D394AA3A6}.Testing|Any CPU.Build.0 = Debug|Any CPU
		{E5A0A986-ADFB-4F3B-8FF8-77214A542526}.Debug|Any CPU.ActiveCfg = Debug|Any CPU
		{E5A0A986-ADFB-4F3B-8FF8-77214A542526}.Debug|Any CPU.Build.0 = Debug|Any CPU
		{E5A0A986-ADFB-4F3B-8FF8-77214A542526}.Release|Any CPU.ActiveCfg = Release|Any CPU
		{E5A0A986-ADFB-4F3B-8FF8-77214A542526}.Release|Any CPU.Build.0 = Release|Any CPU
		{E5A0A986-ADFB-4F3B-8FF8-77214A542526}.Testing|Any CPU.ActiveCfg = Debug|Any CPU
		{E5A0A986-ADFB-4F3B-8FF8-77214A542526}.Testing|Any CPU.Build.0 = Debug|Any CPU
		{EA6CD89D-752F-4BFE-A7ED-AEBF24E97987}.Debug|Any CPU.ActiveCfg = Debug|Any CPU
		{EA6CD89D-752F-4BFE-A7ED-AEBF24E97987}.Debug|Any CPU.Build.0 = Debug|Any CPU
		{EA6CD89D-752F-4BFE-A7ED-AEBF24E97987}.Release|Any CPU.ActiveCfg = Release|Any CPU
		{EA6CD89D-752F-4BFE-A7ED-AEBF24E97987}.Release|Any CPU.Build.0 = Release|Any CPU
		{EA6CD89D-752F-4BFE-A7ED-AEBF24E97987}.Testing|Any CPU.ActiveCfg = Debug|Any CPU
		{EA6CD89D-752F-4BFE-A7ED-AEBF24E97987}.Testing|Any CPU.Build.0 = Debug|Any CPU
		{939CCC42-4A24-41EE-915E-8F00D9ACCF13}.Debug|Any CPU.ActiveCfg = Debug|Any CPU
		{939CCC42-4A24-41EE-915E-8F00D9ACCF13}.Debug|Any CPU.Build.0 = Debug|Any CPU
		{939CCC42-4A24-41EE-915E-8F00D9ACCF13}.Release|Any CPU.ActiveCfg = Release|Any CPU
		{939CCC42-4A24-41EE-915E-8F00D9ACCF13}.Release|Any CPU.Build.0 = Release|Any CPU
		{939CCC42-4A24-41EE-915E-8F00D9ACCF13}.Testing|Any CPU.ActiveCfg = Debug|Any CPU
		{939CCC42-4A24-41EE-915E-8F00D9ACCF13}.Testing|Any CPU.Build.0 = Debug|Any CPU
		{C4BB33A7-C1E7-4B05-9D08-2D3253F973D0}.Debug|Any CPU.ActiveCfg = Debug|Any CPU
		{C4BB33A7-C1E7-4B05-9D08-2D3253F973D0}.Debug|Any CPU.Build.0 = Debug|Any CPU
		{C4BB33A7-C1E7-4B05-9D08-2D3253F973D0}.Release|Any CPU.ActiveCfg = Release|Any CPU
		{C4BB33A7-C1E7-4B05-9D08-2D3253F973D0}.Release|Any CPU.Build.0 = Release|Any CPU
		{C4BB33A7-C1E7-4B05-9D08-2D3253F973D0}.Testing|Any CPU.ActiveCfg = Debug|Any CPU
		{C4BB33A7-C1E7-4B05-9D08-2D3253F973D0}.Testing|Any CPU.Build.0 = Debug|Any CPU
		{A4E39ADA-0818-49D3-A4B1-B1070B8D35AB}.Debug|Any CPU.ActiveCfg = Debug|Any CPU
		{A4E39ADA-0818-49D3-A4B1-B1070B8D35AB}.Debug|Any CPU.Build.0 = Debug|Any CPU
		{A4E39ADA-0818-49D3-A4B1-B1070B8D35AB}.Release|Any CPU.ActiveCfg = Release|Any CPU
		{A4E39ADA-0818-49D3-A4B1-B1070B8D35AB}.Release|Any CPU.Build.0 = Release|Any CPU
		{A4E39ADA-0818-49D3-A4B1-B1070B8D35AB}.Testing|Any CPU.ActiveCfg = Testing|Any CPU
		{A4E39ADA-0818-49D3-A4B1-B1070B8D35AB}.Testing|Any CPU.Build.0 = Testing|Any CPU
		{88E54992-868C-4DA2-B427-F505BA74D3C9}.Debug|Any CPU.ActiveCfg = Debug|Any CPU
		{88E54992-868C-4DA2-B427-F505BA74D3C9}.Debug|Any CPU.Build.0 = Debug|Any CPU
		{88E54992-868C-4DA2-B427-F505BA74D3C9}.Release|Any CPU.ActiveCfg = Release|Any CPU
		{88E54992-868C-4DA2-B427-F505BA74D3C9}.Release|Any CPU.Build.0 = Release|Any CPU
		{88E54992-868C-4DA2-B427-F505BA74D3C9}.Testing|Any CPU.ActiveCfg = Testing|Any CPU
		{88E54992-868C-4DA2-B427-F505BA74D3C9}.Testing|Any CPU.Build.0 = Testing|Any CPU
		{65405326-4156-49C6-BD5B-241CC94CE170}.Debug|Any CPU.ActiveCfg = Debug|Any CPU
		{65405326-4156-49C6-BD5B-241CC94CE170}.Debug|Any CPU.Build.0 = Debug|Any CPU
		{65405326-4156-49C6-BD5B-241CC94CE170}.Release|Any CPU.ActiveCfg = Release|Any CPU
		{65405326-4156-49C6-BD5B-241CC94CE170}.Release|Any CPU.Build.0 = Release|Any CPU
		{65405326-4156-49C6-BD5B-241CC94CE170}.Testing|Any CPU.ActiveCfg = Debug|Any CPU
		{65405326-4156-49C6-BD5B-241CC94CE170}.Testing|Any CPU.Build.0 = Debug|Any CPU
		{7AAEDA57-4EF0-4664-A69D-B77F742B8A86}.Debug|Any CPU.ActiveCfg = Debug|Any CPU
		{7AAEDA57-4EF0-4664-A69D-B77F742B8A86}.Debug|Any CPU.Build.0 = Debug|Any CPU
		{7AAEDA57-4EF0-4664-A69D-B77F742B8A86}.Release|Any CPU.ActiveCfg = Release|Any CPU
		{7AAEDA57-4EF0-4664-A69D-B77F742B8A86}.Release|Any CPU.Build.0 = Release|Any CPU
		{7AAEDA57-4EF0-4664-A69D-B77F742B8A86}.Testing|Any CPU.ActiveCfg = Debug|Any CPU
		{7AAEDA57-4EF0-4664-A69D-B77F742B8A86}.Testing|Any CPU.Build.0 = Debug|Any CPU
		{745BFAE2-ED9E-4029-8302-F04FE7B69345}.Debug|Any CPU.ActiveCfg = Debug|Any CPU
		{745BFAE2-ED9E-4029-8302-F04FE7B69345}.Debug|Any CPU.Build.0 = Debug|Any CPU
		{745BFAE2-ED9E-4029-8302-F04FE7B69345}.Release|Any CPU.ActiveCfg = Release|Any CPU
		{745BFAE2-ED9E-4029-8302-F04FE7B69345}.Release|Any CPU.Build.0 = Release|Any CPU
		{745BFAE2-ED9E-4029-8302-F04FE7B69345}.Testing|Any CPU.ActiveCfg = Debug|Any CPU
		{745BFAE2-ED9E-4029-8302-F04FE7B69345}.Testing|Any CPU.Build.0 = Debug|Any CPU
		{0344043F-7287-44FD-A83D-EC23BBBCD307}.Debug|Any CPU.ActiveCfg = Debug|Any CPU
		{0344043F-7287-44FD-A83D-EC23BBBCD307}.Debug|Any CPU.Build.0 = Debug|Any CPU
		{0344043F-7287-44FD-A83D-EC23BBBCD307}.Release|Any CPU.ActiveCfg = Release|Any CPU
		{0344043F-7287-44FD-A83D-EC23BBBCD307}.Release|Any CPU.Build.0 = Release|Any CPU
		{0344043F-7287-44FD-A83D-EC23BBBCD307}.Testing|Any CPU.ActiveCfg = Debug|Any CPU
		{0344043F-7287-44FD-A83D-EC23BBBCD307}.Testing|Any CPU.Build.0 = Debug|Any CPU
		{8982BEC7-6D4C-4777-91AE-6437AF0D10EE}.Debug|Any CPU.ActiveCfg = Debug|Any CPU
		{8982BEC7-6D4C-4777-91AE-6437AF0D10EE}.Debug|Any CPU.Build.0 = Debug|Any CPU
		{8982BEC7-6D4C-4777-91AE-6437AF0D10EE}.Release|Any CPU.ActiveCfg = Release|Any CPU
		{8982BEC7-6D4C-4777-91AE-6437AF0D10EE}.Release|Any CPU.Build.0 = Release|Any CPU
		{8982BEC7-6D4C-4777-91AE-6437AF0D10EE}.Testing|Any CPU.ActiveCfg = Debug|Any CPU
		{8982BEC7-6D4C-4777-91AE-6437AF0D10EE}.Testing|Any CPU.Build.0 = Debug|Any CPU
		{F06D1998-C773-4E71-BE27-EE9F4971BE8B}.Debug|Any CPU.ActiveCfg = Debug|Any CPU
		{F06D1998-C773-4E71-BE27-EE9F4971BE8B}.Debug|Any CPU.Build.0 = Debug|Any CPU
		{F06D1998-C773-4E71-BE27-EE9F4971BE8B}.Release|Any CPU.ActiveCfg = Release|Any CPU
		{F06D1998-C773-4E71-BE27-EE9F4971BE8B}.Release|Any CPU.Build.0 = Release|Any CPU
		{F06D1998-C773-4E71-BE27-EE9F4971BE8B}.Testing|Any CPU.ActiveCfg = Debug|Any CPU
		{F06D1998-C773-4E71-BE27-EE9F4971BE8B}.Testing|Any CPU.Build.0 = Debug|Any CPU
		{551E5BAA-CF43-4925-BA53-6486659394D8}.Debug|Any CPU.ActiveCfg = Debug|Any CPU
		{551E5BAA-CF43-4925-BA53-6486659394D8}.Debug|Any CPU.Build.0 = Debug|Any CPU
		{551E5BAA-CF43-4925-BA53-6486659394D8}.Release|Any CPU.ActiveCfg = Release|Any CPU
		{551E5BAA-CF43-4925-BA53-6486659394D8}.Release|Any CPU.Build.0 = Release|Any CPU
		{551E5BAA-CF43-4925-BA53-6486659394D8}.Testing|Any CPU.ActiveCfg = Debug|Any CPU
		{551E5BAA-CF43-4925-BA53-6486659394D8}.Testing|Any CPU.Build.0 = Debug|Any CPU
		{6C9138A2-7FCD-4AFF-93C5-F97891371BB9}.Debug|Any CPU.ActiveCfg = Debug|Any CPU
		{6C9138A2-7FCD-4AFF-93C5-F97891371BB9}.Debug|Any CPU.Build.0 = Debug|Any CPU
		{6C9138A2-7FCD-4AFF-93C5-F97891371BB9}.Release|Any CPU.ActiveCfg = Release|Any CPU
		{6C9138A2-7FCD-4AFF-93C5-F97891371BB9}.Release|Any CPU.Build.0 = Release|Any CPU
		{6C9138A2-7FCD-4AFF-93C5-F97891371BB9}.Testing|Any CPU.ActiveCfg = Debug|Any CPU
		{6C9138A2-7FCD-4AFF-93C5-F97891371BB9}.Testing|Any CPU.Build.0 = Debug|Any CPU
		{E4D809B8-82CF-42BA-973E-934C0E48B921}.Debug|Any CPU.ActiveCfg = Debug|Any CPU
		{E4D809B8-82CF-42BA-973E-934C0E48B921}.Debug|Any CPU.Build.0 = Debug|Any CPU
		{E4D809B8-82CF-42BA-973E-934C0E48B921}.Release|Any CPU.ActiveCfg = Release|Any CPU
		{E4D809B8-82CF-42BA-973E-934C0E48B921}.Release|Any CPU.Build.0 = Release|Any CPU
		{E4D809B8-82CF-42BA-973E-934C0E48B921}.Testing|Any CPU.ActiveCfg = Debug|Any CPU
		{E4D809B8-82CF-42BA-973E-934C0E48B921}.Testing|Any CPU.Build.0 = Debug|Any CPU
		{7549B28A-9E6A-4D2D-ABDD-1914B106C9BD}.Debug|Any CPU.ActiveCfg = Debug|Any CPU
		{7549B28A-9E6A-4D2D-ABDD-1914B106C9BD}.Debug|Any CPU.Build.0 = Debug|Any CPU
		{7549B28A-9E6A-4D2D-ABDD-1914B106C9BD}.Release|Any CPU.ActiveCfg = Release|Any CPU
		{7549B28A-9E6A-4D2D-ABDD-1914B106C9BD}.Release|Any CPU.Build.0 = Release|Any CPU
		{7549B28A-9E6A-4D2D-ABDD-1914B106C9BD}.Testing|Any CPU.ActiveCfg = Debug|Any CPU
		{7549B28A-9E6A-4D2D-ABDD-1914B106C9BD}.Testing|Any CPU.Build.0 = Debug|Any CPU
		{986F9175-F6E9-4521-A871-2391000CAE9E}.Debug|Any CPU.ActiveCfg = Debug|Any CPU
		{986F9175-F6E9-4521-A871-2391000CAE9E}.Debug|Any CPU.Build.0 = Debug|Any CPU
		{986F9175-F6E9-4521-A871-2391000CAE9E}.Release|Any CPU.ActiveCfg = Release|Any CPU
		{986F9175-F6E9-4521-A871-2391000CAE9E}.Release|Any CPU.Build.0 = Release|Any CPU
		{986F9175-F6E9-4521-A871-2391000CAE9E}.Testing|Any CPU.ActiveCfg = Debug|Any CPU
		{986F9175-F6E9-4521-A871-2391000CAE9E}.Testing|Any CPU.Build.0 = Debug|Any CPU
		{70A4DF19-8558-46AA-8B9B-BFB3EDA2A4FA}.Debug|Any CPU.ActiveCfg = Debug|Any CPU
		{70A4DF19-8558-46AA-8B9B-BFB3EDA2A4FA}.Debug|Any CPU.Build.0 = Debug|Any CPU
		{70A4DF19-8558-46AA-8B9B-BFB3EDA2A4FA}.Release|Any CPU.ActiveCfg = Release|Any CPU
		{70A4DF19-8558-46AA-8B9B-BFB3EDA2A4FA}.Release|Any CPU.Build.0 = Release|Any CPU
		{70A4DF19-8558-46AA-8B9B-BFB3EDA2A4FA}.Testing|Any CPU.ActiveCfg = Debug|Any CPU
		{70A4DF19-8558-46AA-8B9B-BFB3EDA2A4FA}.Testing|Any CPU.Build.0 = Debug|Any CPU
		{BE4AF1F8-0CF1-43A8-BBAD-3402A4480D0E}.Debug|Any CPU.ActiveCfg = Debug|Any CPU
		{BE4AF1F8-0CF1-43A8-BBAD-3402A4480D0E}.Debug|Any CPU.Build.0 = Debug|Any CPU
		{BE4AF1F8-0CF1-43A8-BBAD-3402A4480D0E}.Release|Any CPU.ActiveCfg = Release|Any CPU
		{BE4AF1F8-0CF1-43A8-BBAD-3402A4480D0E}.Release|Any CPU.Build.0 = Release|Any CPU
		{BE4AF1F8-0CF1-43A8-BBAD-3402A4480D0E}.Testing|Any CPU.ActiveCfg = Debug|Any CPU
		{BE4AF1F8-0CF1-43A8-BBAD-3402A4480D0E}.Testing|Any CPU.Build.0 = Debug|Any CPU
		{0A90B1FB-E2DF-49CA-B937-ECF0B5FA565C}.Debug|Any CPU.ActiveCfg = Debug|Any CPU
		{0A90B1FB-E2DF-49CA-B937-ECF0B5FA565C}.Debug|Any CPU.Build.0 = Debug|Any CPU
		{0A90B1FB-E2DF-49CA-B937-ECF0B5FA565C}.Release|Any CPU.ActiveCfg = Release|Any CPU
		{0A90B1FB-E2DF-49CA-B937-ECF0B5FA565C}.Release|Any CPU.Build.0 = Release|Any CPU
		{0A90B1FB-E2DF-49CA-B937-ECF0B5FA565C}.Testing|Any CPU.ActiveCfg = Debug|Any CPU
		{0A90B1FB-E2DF-49CA-B937-ECF0B5FA565C}.Testing|Any CPU.Build.0 = Debug|Any CPU
		{5C813942-20D2-4D43-9DCA-963B911698DA}.Debug|Any CPU.ActiveCfg = Debug|Any CPU
		{5C813942-20D2-4D43-9DCA-963B911698DA}.Debug|Any CPU.Build.0 = Debug|Any CPU
		{5C813942-20D2-4D43-9DCA-963B911698DA}.Release|Any CPU.ActiveCfg = Release|Any CPU
		{5C813942-20D2-4D43-9DCA-963B911698DA}.Release|Any CPU.Build.0 = Release|Any CPU
		{5C813942-20D2-4D43-9DCA-963B911698DA}.Testing|Any CPU.ActiveCfg = Debug|Any CPU
		{5C813942-20D2-4D43-9DCA-963B911698DA}.Testing|Any CPU.Build.0 = Debug|Any CPU
		{6A12A801-A13A-4326-9CAF-BD7B468EBC01}.Debug|Any CPU.ActiveCfg = Debug|Any CPU
		{6A12A801-A13A-4326-9CAF-BD7B468EBC01}.Debug|Any CPU.Build.0 = Debug|Any CPU
		{6A12A801-A13A-4326-9CAF-BD7B468EBC01}.Release|Any CPU.ActiveCfg = Release|Any CPU
		{6A12A801-A13A-4326-9CAF-BD7B468EBC01}.Release|Any CPU.Build.0 = Release|Any CPU
		{6A12A801-A13A-4326-9CAF-BD7B468EBC01}.Testing|Any CPU.ActiveCfg = Debug|Any CPU
		{6A12A801-A13A-4326-9CAF-BD7B468EBC01}.Testing|Any CPU.Build.0 = Debug|Any CPU
		{BD78B963-D399-46AB-A155-037B324A56D4}.Debug|Any CPU.ActiveCfg = Debug|Any CPU
		{BD78B963-D399-46AB-A155-037B324A56D4}.Debug|Any CPU.Build.0 = Debug|Any CPU
		{BD78B963-D399-46AB-A155-037B324A56D4}.Release|Any CPU.ActiveCfg = Release|Any CPU
		{BD78B963-D399-46AB-A155-037B324A56D4}.Release|Any CPU.Build.0 = Release|Any CPU
		{BD78B963-D399-46AB-A155-037B324A56D4}.Testing|Any CPU.ActiveCfg = Debug|Any CPU
		{BD78B963-D399-46AB-A155-037B324A56D4}.Testing|Any CPU.Build.0 = Debug|Any CPU
		{C7D2E1E8-EE6C-4B76-B983-B6AFE84C61E4}.Debug|Any CPU.ActiveCfg = Debug|Any CPU
		{C7D2E1E8-EE6C-4B76-B983-B6AFE84C61E4}.Debug|Any CPU.Build.0 = Debug|Any CPU
		{C7D2E1E8-EE6C-4B76-B983-B6AFE84C61E4}.Release|Any CPU.ActiveCfg = Release|Any CPU
		{C7D2E1E8-EE6C-4B76-B983-B6AFE84C61E4}.Release|Any CPU.Build.0 = Release|Any CPU
		{C7D2E1E8-EE6C-4B76-B983-B6AFE84C61E4}.Testing|Any CPU.ActiveCfg = Debug|Any CPU
		{C7D2E1E8-EE6C-4B76-B983-B6AFE84C61E4}.Testing|Any CPU.Build.0 = Debug|Any CPU
		{8BEFB443-C2B9-4057-8271-D21FDB91C919}.Debug|Any CPU.ActiveCfg = Debug|Any CPU
		{8BEFB443-C2B9-4057-8271-D21FDB91C919}.Debug|Any CPU.Build.0 = Debug|Any CPU
		{8BEFB443-C2B9-4057-8271-D21FDB91C919}.Release|Any CPU.ActiveCfg = Release|Any CPU
		{8BEFB443-C2B9-4057-8271-D21FDB91C919}.Release|Any CPU.Build.0 = Release|Any CPU
		{8BEFB443-C2B9-4057-8271-D21FDB91C919}.Testing|Any CPU.ActiveCfg = Debug|Any CPU
		{8BEFB443-C2B9-4057-8271-D21FDB91C919}.Testing|Any CPU.Build.0 = Debug|Any CPU
		{7E06CD9C-E5B5-423A-9969-396601C59142}.Debug|Any CPU.ActiveCfg = Debug|Any CPU
		{7E06CD9C-E5B5-423A-9969-396601C59142}.Debug|Any CPU.Build.0 = Debug|Any CPU
		{7E06CD9C-E5B5-423A-9969-396601C59142}.Release|Any CPU.ActiveCfg = Release|Any CPU
		{7E06CD9C-E5B5-423A-9969-396601C59142}.Release|Any CPU.Build.0 = Release|Any CPU
		{7E06CD9C-E5B5-423A-9969-396601C59142}.Testing|Any CPU.ActiveCfg = Debug|Any CPU
		{7E06CD9C-E5B5-423A-9969-396601C59142}.Testing|Any CPU.Build.0 = Debug|Any CPU
		{E8399DB0-355D-4A49-AAD8-6CDD9BBF33CE}.Debug|Any CPU.ActiveCfg = Debug|Any CPU
		{E8399DB0-355D-4A49-AAD8-6CDD9BBF33CE}.Debug|Any CPU.Build.0 = Debug|Any CPU
		{E8399DB0-355D-4A49-AAD8-6CDD9BBF33CE}.Release|Any CPU.ActiveCfg = Release|Any CPU
		{E8399DB0-355D-4A49-AAD8-6CDD9BBF33CE}.Release|Any CPU.Build.0 = Release|Any CPU
		{E8399DB0-355D-4A49-AAD8-6CDD9BBF33CE}.Testing|Any CPU.ActiveCfg = Debug|Any CPU
		{E8399DB0-355D-4A49-AAD8-6CDD9BBF33CE}.Testing|Any CPU.Build.0 = Debug|Any CPU
		{267131B2-D994-4672-A53D-839C91CB3D70}.Debug|Any CPU.ActiveCfg = Debug|Any CPU
		{267131B2-D994-4672-A53D-839C91CB3D70}.Debug|Any CPU.Build.0 = Debug|Any CPU
		{267131B2-D994-4672-A53D-839C91CB3D70}.Release|Any CPU.ActiveCfg = Release|Any CPU
		{267131B2-D994-4672-A53D-839C91CB3D70}.Release|Any CPU.Build.0 = Release|Any CPU
		{267131B2-D994-4672-A53D-839C91CB3D70}.Testing|Any CPU.ActiveCfg = Debug|Any CPU
		{267131B2-D994-4672-A53D-839C91CB3D70}.Testing|Any CPU.Build.0 = Debug|Any CPU
	EndGlobalSection
	GlobalSection(NestedProjects) = preSolution
		{B41318D4-99B3-4B17-88C1-2B7CCF60541F} = {6A31F2DA-FBB6-40DF-89FF-57AF6266AECB}
		{24055D62-A4EB-4F4E-928F-4CB46D58F65B} = {6A31F2DA-FBB6-40DF-89FF-57AF6266AECB}
		{551E5BAA-CF43-4925-BA53-6486659394D8} = {6A31F2DA-FBB6-40DF-89FF-57AF6266AECB}
		{BD78B963-D399-46AB-A155-037B324A56D4} = {6A31F2DA-FBB6-40DF-89FF-57AF6266AECB}
		{0A90B1FB-E2DF-49CA-B937-ECF0B5FA565C} = {6A31F2DA-FBB6-40DF-89FF-57AF6266AECB}
		{5C813942-20D2-4D43-9DCA-963B911698DA} = {6A31F2DA-FBB6-40DF-89FF-57AF6266AECB}
		{939CCC42-4A24-41EE-915E-8F00D9ACCF13} = {F7E03C06-1353-43A4-A369-DF614EABD34B}
		{E5A0A986-ADFB-4F3B-8FF8-77214A542526} = {F7E03C06-1353-43A4-A369-DF614EABD34B}
		{8BEFB443-C2B9-4057-8271-D21FDB91C919} = {4B99DFE6-8EB6-4D7B-AFA6-AC75DBDA2CF0}
		{7E06CD9C-E5B5-423A-9969-396601C59142} = {4B99DFE6-8EB6-4D7B-AFA6-AC75DBDA2CF0}
		{E8399DB0-355D-4A49-AAD8-6CDD9BBF33CE} = {4B99DFE6-8EB6-4D7B-AFA6-AC75DBDA2CF0}
		{267131B2-D994-4672-A53D-839C91CB3D70} = {F7E03C06-1353-43A4-A369-DF614EABD34B}
	EndGlobalSection
EndGlobal
